
Microsoft Visual Studio Solution File, Format Version 12.00
# Visual Studio Version 17
VisualStudioVersion = 17.8.34408.163
MinimumVisualStudioVersion = 10.0.40219.1
Project("{FAE04EC0-301F-11D3-BF4B-00C04F79EFBC}") = "ImdbCrud", "ImdbCrud\ImdbCrud.csproj", "{0216E423-929D-41B7-95FD-AEAA370BC544}"
EndProject
Global
	GlobalSection(SolutionConfigurationPlatforms) = preSolution
		Debug|Any CPU = Debug|Any CPU
		Release|Any CPU = Release|Any CPU
	EndGlobalSection
	GlobalSection(ProjectConfigurationPlatforms) = postSolution
		{0216E423-929D-41B7-95FD-AEAA370BC544}.Debug|Any CPU.ActiveCfg = Debug|Any CPU
		{0216E423-929D-41B7-95FD-AEAA370BC544}.Debug|Any CPU.Build.0 = Debug|Any CPU
		{0216E423-929D-41B7-95FD-AEAA370BC544}.Release|Any CPU.ActiveCfg = Release|Any CPU
		{0216E423-929D-41B7-95FD-AEAA370BC544}.Release|Any CPU.Build.0 = Release|Any CPU
	EndGlobalSection
	GlobalSection(SolutionProperties) = preSolution
		HideSolutionNode = FALSE
	EndGlobalSection
	GlobalSection(ExtensibilityGlobals) = postSolution
		SolutionGuid = {D87D5378-BD36-4702-BA5F-7026D3C7E11C}
	EndGlobalSection
EndGlobal
